
Microsoft Visual Studio Solution File, Format Version 10.00
# Visual C# Express 2008
Project("{FAE04EC0-301F-11D3-BF4B-00C04F79EFBC}") = "ZUNE-WAR", "ZUNE-WAR\ZUNE-WAR.csproj", "{3B5A5AAF-142E-40C4-BC9A-4C0C83BCF224}"
EndProject
Global
	GlobalSection(SolutionConfigurationPlatforms) = preSolution
		Debug|Zune = Debug|Zune
		Release|Zune = Release|Zune
	EndGlobalSection
	GlobalSection(ProjectConfigurationPlatforms) = postSolution
		{3B5A5AAF-142E-40C4-BC9A-4C0C83BCF224}.Debug|Zune.ActiveCfg = Debug|Zune
		{3B5A5AAF-142E-40C4-BC9A-4C0C83BCF224}.Debug|Zune.Build.0 = Debug|Zune
		{3B5A5AAF-142E-40C4-BC9A-4C0C83BCF224}.Debug|Zune.Deploy.0 = Debug|Zune
		{3B5A5AAF-142E-40C4-BC9A-4C0C83BCF224}.Release|Zune.ActiveCfg = Release|Zune
		{3B5A5AAF-142E-40C4-BC9A-4C0C83BCF224}.Release|Zune.Build.0 = Release|Zune
		{3B5A5AAF-142E-40C4-BC9A-4C0C83BCF224}.Release|Zune.Deploy.0 = Release|Zune
		{1398E842-E95F-457A-804F-896DC3CEC519}.Debug|Zune.ActiveCfg = Debug|Zune
		{1398E842-E95F-457A-804F-896DC3CEC519}.Release|Zune.ActiveCfg = Release|Zune
	EndGlobalSection
	GlobalSection(SolutionProperties) = preSolution
		HideSolutionNode = FALSE
	EndGlobalSection
EndGlobal
